
Microsoft Visual Studio Solution File, Format Version 12.00
# Visual Studio Version 17
VisualStudioVersion = 17.7.34024.191
MinimumVisualStudioVersion = 10.0.40219.1
Project("{FAE04EC0-301F-11D3-BF4B-00C04F79EFBC}") = "RezeptIO", "RezeptIO\RezeptIO.csproj", "{67E55CEB-1BB9-41F5-9D57-1572556509C1}"
EndProject
Global
	GlobalSection(SolutionConfigurationPlatforms) = preSolution
		Debug|Any CPU = Debug|Any CPU
		Release|Any CPU = Release|Any CPU
	EndGlobalSection
	GlobalSection(ProjectConfigurationPlatforms) = postSolution
		{67E55CEB-1BB9-41F5-9D57-1572556509C1}.Debug|Any CPU.ActiveCfg = Debug|Any CPU
		{67E55CEB-1BB9-41F5-9D57-1572556509C1}.Debug|Any CPU.Build.0 = Debug|Any CPU
		{67E55CEB-1BB9-41F5-9D57-1572556509C1}.Release|Any CPU.ActiveCfg = Release|Any CPU
		{67E55CEB-1BB9-41F5-9D57-1572556509C1}.Release|Any CPU.Build.0 = Release|Any CPU
	EndGlobalSection
	GlobalSection(SolutionProperties) = preSolution
		HideSolutionNode = FALSE
	EndGlobalSection
	GlobalSection(ExtensibilityGlobals) = postSolution
		SolutionGuid = {27362587-CC73-4BE7-9AA8-8447814ED30C}
	EndGlobalSection
EndGlobal
